
Microsoft Visual Studio Solution File, Format Version 12.00
# Visual Studio 15
VisualStudioVersion = 15.0.26403.0
MinimumVisualStudioVersion = 10.0.40219.1
Project("{FAE04EC0-301F-11D3-BF4B-00C04F79EFBC}") = "ContosoUniversity", "ContosoUniversity\ContosoUniversity.csproj", "{AF7EB1E2-F4D5-4D01-8D28-C22EE687A9AC}"
EndProject
Global
	GlobalSection(SolutionConfigurationPlatforms) = preSolution
		Debug|Any CPU = Debug|Any CPU
		Release|Any CPU = Release|Any CPU
	EndGlobalSection
	GlobalSection(ProjectConfigurationPlatforms) = postSolution
		{AF7EB1E2-F4D5-4D01-8D28-C22EE687A9AC}.Debug|Any CPU.ActiveCfg = Debug|Any CPU
		{AF7EB1E2-F4D5-4D01-8D28-C22EE687A9AC}.Debug|Any CPU.Build.0 = Debug|Any CPU
		{AF7EB1E2-F4D5-4D01-8D28-C22EE687A9AC}.Release|Any CPU.ActiveCfg = Release|Any CPU
		{AF7EB1E2-F4D5-4D01-8D28-C22EE687A9AC}.Release|Any CPU.Build.0 = Release|Any CPU
	EndGlobalSection
	GlobalSection(SolutionProperties) = preSolution
		HideSolutionNode = FALSE
	EndGlobalSection
EndGlobal
